
Microsoft Visual Studio Solution File, Format Version 12.00
# Visual Studio Version 17
VisualStudioVersion = 17.3.32929.385
MinimumVisualStudioVersion = 10.0.40219.1
Project("{9A19103F-16F7-4668-BE54-9A1E7A4F7556}") = "CalculatorApp", "CalculatorApp\CalculatorApp.csproj", "{586A6476-E27B-4DD9-AFF0-FF59CDB18F36}"
EndProject
Project("{9A19103F-16F7-4668-BE54-9A1E7A4F7556}") = "CalculatorLogic", "CalculatorLogic\CalculatorLogic.csproj", "{6B6C9913-88C5-4CCD-BE13-BF7E011856BE}"
EndProject
Global
	GlobalSection(SolutionConfigurationPlatforms) = preSolution
		Debug|Any CPU = Debug|Any CPU
		Release|Any CPU = Release|Any CPU
	EndGlobalSection
	GlobalSection(ProjectConfigurationPlatforms) = postSolution
		{586A6476-E27B-4DD9-AFF0-FF59CDB18F36}.Debug|Any CPU.ActiveCfg = Debug|Any CPU
		{586A6476-E27B-4DD9-AFF0-FF59CDB18F36}.Debug|Any CPU.Build.0 = Debug|Any CPU
		{586A6476-E27B-4DD9-AFF0-FF59CDB18F36}.Release|Any CPU.ActiveCfg = Release|Any CPU
		{586A6476-E27B-4DD9-AFF0-FF59CDB18F36}.Release|Any CPU.Build.0 = Release|Any CPU
		{6B6C9913-88C5-4CCD-BE13-BF7E011856BE}.Debug|Any CPU.ActiveCfg = Debug|Any CPU
		{6B6C9913-88C5-4CCD-BE13-BF7E011856BE}.Debug|Any CPU.Build.0 = Debug|Any CPU
		{6B6C9913-88C5-4CCD-BE13-BF7E011856BE}.Release|Any CPU.ActiveCfg = Release|Any CPU
		{6B6C9913-88C5-4CCD-BE13-BF7E011856BE}.Release|Any CPU.Build.0 = Release|Any CPU
	EndGlobalSection
	GlobalSection(SolutionProperties) = preSolution
		HideSolutionNode = FALSE
	EndGlobalSection
	GlobalSection(ExtensibilityGlobals) = postSolution
		SolutionGuid = {B2EE88EF-B19C-4A73-89FC-FD3DE63075D1}
	EndGlobalSection
EndGlobal
